
Microsoft Visual Studio Solution File, Format Version 12.00
# Visual Studio Version 16
VisualStudioVersion = 16.0.30709.132
MinimumVisualStudioVersion = 10.0.40219.1
Project("{FAE04EC0-301F-11D3-BF4B-00C04F79EFBC}") = "WebApplicationhlx", "WebApplicationhlx\WebApplicationhlx.csproj", "{698585DF-D8CA-441F-85C7-1B38DF07D972}"
EndProject
Project("{9A19103F-16F7-4668-BE54-9A1E7A4F7556}") = "MyWindowsFormsApp", "MyWindowsFormsApp\MyWindowsFormsApp.csproj", "{E87735F5-FB53-4A4F-81F7-6A7B9F1B388B}"
EndProject
Project("{FAE04EC0-301F-11D3-BF4B-00C04F79EFBC}") = "WindowsFormsAppClient", "WindowsFormsAppClient\WindowsFormsAppClient.csproj", "{6126BB37-F65C-4284-B9B7-9C0CF31D3304}"
EndProject
Global
	GlobalSection(SolutionConfigurationPlatforms) = preSolution
		Debug|Any CPU = Debug|Any CPU
		Release|Any CPU = Release|Any CPU
	EndGlobalSection
	GlobalSection(ProjectConfigurationPlatforms) = postSolution
		{698585DF-D8CA-441F-85C7-1B38DF07D972}.Debug|Any CPU.ActiveCfg = Debug|Any CPU
		{698585DF-D8CA-441F-85C7-1B38DF07D972}.Debug|Any CPU.Build.0 = Debug|Any CPU
		{698585DF-D8CA-441F-85C7-1B38DF07D972}.Release|Any CPU.ActiveCfg = Release|Any CPU
		{698585DF-D8CA-441F-85C7-1B38DF07D972}.Release|Any CPU.Build.0 = Release|Any CPU
		{E87735F5-FB53-4A4F-81F7-6A7B9F1B388B}.Debug|Any CPU.ActiveCfg = Debug|Any CPU
		{E87735F5-FB53-4A4F-81F7-6A7B9F1B388B}.Debug|Any CPU.Build.0 = Debug|Any CPU
		{E87735F5-FB53-4A4F-81F7-6A7B9F1B388B}.Release|Any CPU.ActiveCfg = Release|Any CPU
		{E87735F5-FB53-4A4F-81F7-6A7B9F1B388B}.Release|Any CPU.Build.0 = Release|Any CPU
		{6126BB37-F65C-4284-B9B7-9C0CF31D3304}.Debug|Any CPU.ActiveCfg = Debug|Any CPU
		{6126BB37-F65C-4284-B9B7-9C0CF31D3304}.Debug|Any CPU.Build.0 = Debug|Any CPU
		{6126BB37-F65C-4284-B9B7-9C0CF31D3304}.Release|Any CPU.ActiveCfg = Release|Any CPU
		{6126BB37-F65C-4284-B9B7-9C0CF31D3304}.Release|Any CPU.Build.0 = Release|Any CPU
	EndGlobalSection
	GlobalSection(SolutionProperties) = preSolution
		HideSolutionNode = FALSE
	EndGlobalSection
	GlobalSection(ExtensibilityGlobals) = postSolution
		SolutionGuid = {CE4C564C-934C-4180-9674-7D6E7A85292F}
	EndGlobalSection
EndGlobal
